
Microsoft Visual Studio Solution File, Format Version 12.00
# Visual Studio Version 17
VisualStudioVersion = 17.12.35527.113 d17.12
MinimumVisualStudioVersion = 10.0.40219.1
Project("{FAE04EC0-301F-11D3-BF4B-00C04F79EFBC}") = "TaskManagementApp", "TaskManagementApp\TaskManagementApp.csproj", "{8DF25316-BD06-4838-8E19-BC52A0168BA7}"
EndProject
Global
	GlobalSection(SolutionConfigurationPlatforms) = preSolution
		Debug|Any CPU = Debug|Any CPU
		Release|Any CPU = Release|Any CPU
	EndGlobalSection
	GlobalSection(ProjectConfigurationPlatforms) = postSolution
		{8DF25316-BD06-4838-8E19-BC52A0168BA7}.Debug|Any CPU.ActiveCfg = Debug|Any CPU
		{8DF25316-BD06-4838-8E19-BC52A0168BA7}.Debug|Any CPU.Build.0 = Debug|Any CPU
		{8DF25316-BD06-4838-8E19-BC52A0168BA7}.Release|Any CPU.ActiveCfg = Release|Any CPU
		{8DF25316-BD06-4838-8E19-BC52A0168BA7}.Release|Any CPU.Build.0 = Release|Any CPU
	EndGlobalSection
	GlobalSection(SolutionProperties) = preSolution
		HideSolutionNode = FALSE
	EndGlobalSection
EndGlobal
